
Microsoft Visual Studio Solution File, Format Version 12.00
# Visual Studio Version 17
VisualStudioVersion = 17.5.002.0
MinimumVisualStudioVersion = 10.0.40219.1
Project("{9A19103F-16F7-4668-BE54-9A1E7A4F7556}") = "LinearCodesApi", "backend\LinearCodesApi.csproj", "{76E1C029-898A-457A-9766-4224AAA2B637}"
EndProject
Global
	GlobalSection(SolutionConfigurationPlatforms) = preSolution
		Debug|Any CPU = Debug|Any CPU
		Release|Any CPU = Release|Any CPU
	EndGlobalSection
	GlobalSection(ProjectConfigurationPlatforms) = postSolution
		{76E1C029-898A-457A-9766-4224AAA2B637}.Debug|Any CPU.ActiveCfg = Debug|Any CPU
		{76E1C029-898A-457A-9766-4224AAA2B637}.Debug|Any CPU.Build.0 = Debug|Any CPU
		{76E1C029-898A-457A-9766-4224AAA2B637}.Release|Any CPU.ActiveCfg = Release|Any CPU
		{76E1C029-898A-457A-9766-4224AAA2B637}.Release|Any CPU.Build.0 = Release|Any CPU
	EndGlobalSection
	GlobalSection(SolutionProperties) = preSolution
		HideSolutionNode = FALSE
	EndGlobalSection
	GlobalSection(ExtensibilityGlobals) = postSolution
		SolutionGuid = {8178AF5D-F533-46F5-BDDB-22C0DC7DC327}
	EndGlobalSection
EndGlobal
